
Microsoft Visual Studio Solution File, Format Version 12.00
# Visual Studio Version 17
VisualStudioVersion = 17.0.31919.166
MinimumVisualStudioVersion = 10.0.40219.1
Project("{9A19103F-16F7-4668-BE54-9A1E7A4F7556}") = "BFM", "BFM\BFM.csproj", "{B6674A10-FD2A-408F-A3AC-C8D306DE2444}"
EndProject
Project("{8BC9CEB8-8B4A-11D0-8D11-00A0C91BC942}") = "BloomDll", "BloomDll\BloomDll.vcxproj", "{6968B418-E5DD-495C-B52E-1A8DE9093234}"
EndProject
Project("{8BC9CEB8-8B4A-11D0-8D11-00A0C91BC942}") = "Crypt", "Crypt\Crypt.vcxproj", "{5DB40D71-8E0E-4E4E-97EF-CCEBC4A63C02}"
EndProject
Project("{8BC9CEB8-8B4A-11D0-8D11-00A0C91BC942}") = "Bloom", "Bloom\Bloom.vcxproj", "{7B073608-8EE3-4BE4-88BB-C460856A5857}"
EndProject
Project("{9A19103F-16F7-4668-BE54-9A1E7A4F7556}") = "CSAdapter", "CSAdapter\CSAdapter.csproj", "{C83D3C9D-27D5-4486-B538-10EA8FDA6BC9}"
EndProject
Project("{9A19103F-16F7-4668-BE54-9A1E7A4F7556}") = "CSAdapter-Test", "CSAdapter-Test\CSAdapter-Test.csproj", "{C6906BFD-69BA-4478-82C3-3F1589F1C9C2}"
EndProject
Project("{9A19103F-16F7-4668-BE54-9A1E7A4F7556}") = "EPG", "EPG\EPG.csproj", "{305DAF2A-9528-4134-AE54-23B412B65B6E}"
EndProject
Project("{2150E333-8FDC-42A3-9474-1A3956D46DE8}") = "C++", "C++", "{C61D2B28-E75F-42CA-8EA6-41E09F0D2CF4}"
EndProject
Project("{2150E333-8FDC-42A3-9474-1A3956D46DE8}") = "Test", "Test", "{A23F5105-4D46-4344-98D3-5F4BF1299BE1}"
EndProject
Project("{8BC9CEB8-8B4A-11D0-8D11-00A0C91BC942}") = "Fips181", "Fips181\Fips181.vcxproj", "{FC2CCBD4-F657-4878-AE5A-C37A6EB0F23A}"
EndProject
Project("{8BC9CEB8-8B4A-11D0-8D11-00A0C91BC942}") = "Rnd", "Rnd\Rnd.vcxproj", "{920AF080-014E-4D84-888A-5593B4379BB4}"
EndProject
Project("{8BC9CEB8-8B4A-11D0-8D11-00A0C91BC942}") = "PasswordDll", "PasswordDll\PasswordDll.vcxproj", "{C88A8464-83AD-4BEB-8935-C760711E0FF8}"
EndProject
Project("{9A19103F-16F7-4668-BE54-9A1E7A4F7556}") = "WpfNotification", "WpfNotification\WpfNotification.csproj", "{3406E224-83DF-46D5-8A87-5F13B1158224}"
EndProject
Project("{9A19103F-16F7-4668-BE54-9A1E7A4F7556}") = "Configuration", "Configuration\Configuration.csproj", "{594E47F4-6F11-4F0B-BD07-80D4608CFF55}"
EndProject
Project("{8BC9CEB8-8B4A-11D0-8D11-00A0C91BC942}") = "EPGC", "EPGC\EPGC.vcxproj", "{58DB39BE-C0D2-4C34-8081-EBD4A683AAD5}"
EndProject
Global
	GlobalSection(SolutionConfigurationPlatforms) = preSolution
		Debug|x64 = Debug|x64
		Release|x64 = Release|x64
	EndGlobalSection
	GlobalSection(ProjectConfigurationPlatforms) = postSolution
		{B6674A10-FD2A-408F-A3AC-C8D306DE2444}.Debug|x64.ActiveCfg = Debug|x64
		{B6674A10-FD2A-408F-A3AC-C8D306DE2444}.Debug|x64.Build.0 = Debug|x64
		{B6674A10-FD2A-408F-A3AC-C8D306DE2444}.Release|x64.ActiveCfg = Release|x64
		{B6674A10-FD2A-408F-A3AC-C8D306DE2444}.Release|x64.Build.0 = Release|x64
		{6968B418-E5DD-495C-B52E-1A8DE9093234}.Debug|x64.ActiveCfg = Debug|x64
		{6968B418-E5DD-495C-B52E-1A8DE9093234}.Debug|x64.Build.0 = Debug|x64
		{6968B418-E5DD-495C-B52E-1A8DE9093234}.Release|x64.ActiveCfg = Release|x64
		{6968B418-E5DD-495C-B52E-1A8DE9093234}.Release|x64.Build.0 = Release|x64
		{5DB40D71-8E0E-4E4E-97EF-CCEBC4A63C02}.Debug|x64.ActiveCfg = Debug|x64
		{5DB40D71-8E0E-4E4E-97EF-CCEBC4A63C02}.Debug|x64.Build.0 = Debug|x64
		{5DB40D71-8E0E-4E4E-97EF-CCEBC4A63C02}.Release|x64.ActiveCfg = Release|x64
		{5DB40D71-8E0E-4E4E-97EF-CCEBC4A63C02}.Release|x64.Build.0 = Release|x64
		{7B073608-8EE3-4BE4-88BB-C460856A5857}.Debug|x64.ActiveCfg = Debug|x64
		{7B073608-8EE3-4BE4-88BB-C460856A5857}.Debug|x64.Build.0 = Debug|x64
		{7B073608-8EE3-4BE4-88BB-C460856A5857}.Release|x64.ActiveCfg = Release|x64
		{7B073608-8EE3-4BE4-88BB-C460856A5857}.Release|x64.Build.0 = Release|x64
		{C83D3C9D-27D5-4486-B538-10EA8FDA6BC9}.Debug|x64.ActiveCfg = Debug|x64
		{C83D3C9D-27D5-4486-B538-10EA8FDA6BC9}.Debug|x64.Build.0 = Debug|x64
		{C83D3C9D-27D5-4486-B538-10EA8FDA6BC9}.Release|x64.ActiveCfg = Release|x64
		{C83D3C9D-27D5-4486-B538-10EA8FDA6BC9}.Release|x64.Build.0 = Release|x64
		{C6906BFD-69BA-4478-82C3-3F1589F1C9C2}.Debug|x64.ActiveCfg = Debug|x64
		{C6906BFD-69BA-4478-82C3-3F1589F1C9C2}.Debug|x64.Build.0 = Debug|x64
		{C6906BFD-69BA-4478-82C3-3F1589F1C9C2}.Release|x64.ActiveCfg = Release|x64
		{C6906BFD-69BA-4478-82C3-3F1589F1C9C2}.Release|x64.Build.0 = Release|x64
		{305DAF2A-9528-4134-AE54-23B412B65B6E}.Debug|x64.ActiveCfg = Debug|x64
		{305DAF2A-9528-4134-AE54-23B412B65B6E}.Debug|x64.Build.0 = Debug|x64
		{305DAF2A-9528-4134-AE54-23B412B65B6E}.Release|x64.ActiveCfg = Release|x64
		{305DAF2A-9528-4134-AE54-23B412B65B6E}.Release|x64.Build.0 = Release|x64
		{FC2CCBD4-F657-4878-AE5A-C37A6EB0F23A}.Debug|x64.ActiveCfg = Debug|x64
		{FC2CCBD4-F657-4878-AE5A-C37A6EB0F23A}.Debug|x64.Build.0 = Debug|x64
		{FC2CCBD4-F657-4878-AE5A-C37A6EB0F23A}.Release|x64.ActiveCfg = Release|x64
		{FC2CCBD4-F657-4878-AE5A-C37A6EB0F23A}.Release|x64.Build.0 = Release|x64
		{920AF080-014E-4D84-888A-5593B4379BB4}.Debug|x64.ActiveCfg = Debug|x64
		{920AF080-014E-4D84-888A-5593B4379BB4}.Debug|x64.Build.0 = Debug|x64
		{920AF080-014E-4D84-888A-5593B4379BB4}.Release|x64.ActiveCfg = Release|x64
		{920AF080-014E-4D84-888A-5593B4379BB4}.Release|x64.Build.0 = Release|x64
		{C88A8464-83AD-4BEB-8935-C760711E0FF8}.Debug|x64.ActiveCfg = Debug|x64
		{C88A8464-83AD-4BEB-8935-C760711E0FF8}.Debug|x64.Build.0 = Debug|x64
		{C88A8464-83AD-4BEB-8935-C760711E0FF8}.Release|x64.ActiveCfg = Release|x64
		{C88A8464-83AD-4BEB-8935-C760711E0FF8}.Release|x64.Build.0 = Release|x64
		{3406E224-83DF-46D5-8A87-5F13B1158224}.Debug|x64.ActiveCfg = Debug|x64
		{3406E224-83DF-46D5-8A87-5F13B1158224}.Debug|x64.Build.0 = Debug|x64
		{3406E224-83DF-46D5-8A87-5F13B1158224}.Release|x64.ActiveCfg = Release|x64
		{3406E224-83DF-46D5-8A87-5F13B1158224}.Release|x64.Build.0 = Release|x64
		{594E47F4-6F11-4F0B-BD07-80D4608CFF55}.Debug|x64.ActiveCfg = Debug|x64
		{594E47F4-6F11-4F0B-BD07-80D4608CFF55}.Debug|x64.Build.0 = Debug|x64
		{594E47F4-6F11-4F0B-BD07-80D4608CFF55}.Release|x64.ActiveCfg = Release|x64
		{594E47F4-6F11-4F0B-BD07-80D4608CFF55}.Release|x64.Build.0 = Release|x64
		{58DB39BE-C0D2-4C34-8081-EBD4A683AAD5}.Debug|x64.ActiveCfg = Debug|x64
		{58DB39BE-C0D2-4C34-8081-EBD4A683AAD5}.Debug|x64.Build.0 = Debug|x64
		{58DB39BE-C0D2-4C34-8081-EBD4A683AAD5}.Release|x64.ActiveCfg = Release|x64
		{58DB39BE-C0D2-4C34-8081-EBD4A683AAD5}.Release|x64.Build.0 = Release|x64
	EndGlobalSection
	GlobalSection(SolutionProperties) = preSolution
		HideSolutionNode = FALSE
	EndGlobalSection
	GlobalSection(NestedProjects) = preSolution
		{6968B418-E5DD-495C-B52E-1A8DE9093234} = {C61D2B28-E75F-42CA-8EA6-41E09F0D2CF4}
		{5DB40D71-8E0E-4E4E-97EF-CCEBC4A63C02} = {C61D2B28-E75F-42CA-8EA6-41E09F0D2CF4}
		{7B073608-8EE3-4BE4-88BB-C460856A5857} = {C61D2B28-E75F-42CA-8EA6-41E09F0D2CF4}
		{C6906BFD-69BA-4478-82C3-3F1589F1C9C2} = {A23F5105-4D46-4344-98D3-5F4BF1299BE1}
		{FC2CCBD4-F657-4878-AE5A-C37A6EB0F23A} = {C61D2B28-E75F-42CA-8EA6-41E09F0D2CF4}
		{920AF080-014E-4D84-888A-5593B4379BB4} = {C61D2B28-E75F-42CA-8EA6-41E09F0D2CF4}
		{C88A8464-83AD-4BEB-8935-C760711E0FF8} = {C61D2B28-E75F-42CA-8EA6-41E09F0D2CF4}
	EndGlobalSection
	GlobalSection(ExtensibilityGlobals) = postSolution
		SolutionGuid = {C65254D0-04DF-4390-BCEB-817C665D9034}
	EndGlobalSection
EndGlobal
